
Microsoft Visual Studio Solution File, Format Version 12.00
# Visual Studio Version 16
VisualStudioVersion = 16.0.29519.87
MinimumVisualStudioVersion = 10.0.40219.1
Project("{FAE04EC0-301F-11D3-BF4B-00C04F79EFBC}") = "Android", "Android\Android.csproj", "{33BC1314-6A61-4B60-86D2-11990E6D6CD8}"
EndProject
Project("{9A19103F-16F7-4668-BE54-9A1E7A4F7556}") = "Windows", "Windows\Windows.csproj", "{82C7B595-FD88-4FCD-8C05-83A6BBE853FB}"
EndProject
Project("{D954291E-2A0B-460D-934E-DC6B0785DB48}") = "Shared", "Shared\Shared.shproj", "{A0CDBD0E-3A41-42B7-9425-A838BC2C7383}"
EndProject
Project("{9A19103F-16F7-4668-BE54-9A1E7A4F7556}") = "Android.Library", "Android.Library\Android.Library.csproj", "{3EBAF3D7-23E2-437B-911F-B4422FDEA3C8}"
EndProject
Project("{2150E333-8FDC-42A3-9474-1A3956D46DE8}") = "Solution Files", "Solution Files", "{5DBDA3A1-BF8D-40EA-B37A-7BF12BB13CD1}"
	ProjectSection(SolutionItems) = preProject
		postsharp.config = postsharp.config
	EndProjectSection
EndProject
Global
	GlobalSection(SharedMSBuildProjectFiles) = preSolution
		Shared\Shared.projitems*{3ebaf3d7-23e2-437b-911f-b4422fdea3c8}*SharedItemsImports = 5
		Shared\Shared.projitems*{82c7b595-fd88-4fcd-8c05-83a6bbe853fb}*SharedItemsImports = 5
		Shared\Shared.projitems*{a0cdbd0e-3a41-42b7-9425-a838bc2c7383}*SharedItemsImports = 13
	EndGlobalSection
	GlobalSection(SolutionConfigurationPlatforms) = preSolution
		Debug|x64 = Debug|x64
		Release|x64 = Release|x64
	EndGlobalSection
	GlobalSection(ProjectConfigurationPlatforms) = postSolution
		{33BC1314-6A61-4B60-86D2-11990E6D6CD8}.Debug|x64.ActiveCfg = Debug|Any CPU
		{33BC1314-6A61-4B60-86D2-11990E6D6CD8}.Debug|x64.Build.0 = Debug|Any CPU
		{33BC1314-6A61-4B60-86D2-11990E6D6CD8}.Debug|x64.Deploy.0 = Debug|Any CPU
		{33BC1314-6A61-4B60-86D2-11990E6D6CD8}.Release|x64.ActiveCfg = Release|Any CPU
		{33BC1314-6A61-4B60-86D2-11990E6D6CD8}.Release|x64.Build.0 = Release|Any CPU
		{33BC1314-6A61-4B60-86D2-11990E6D6CD8}.Release|x64.Deploy.0 = Release|Any CPU
		{82C7B595-FD88-4FCD-8C05-83A6BBE853FB}.Debug|x64.ActiveCfg = Debug|x64
		{82C7B595-FD88-4FCD-8C05-83A6BBE853FB}.Debug|x64.Build.0 = Debug|x64
		{82C7B595-FD88-4FCD-8C05-83A6BBE853FB}.Release|x64.ActiveCfg = Release|x64
		{82C7B595-FD88-4FCD-8C05-83A6BBE853FB}.Release|x64.Build.0 = Release|x64
		{A0CDBD0E-3A41-42B7-9425-A838BC2C7383}.Debug|x64.ActiveCfg = Debug|Any CPU
		{A0CDBD0E-3A41-42B7-9425-A838BC2C7383}.Release|x64.ActiveCfg = Release|Any CPU
		{3EBAF3D7-23E2-437B-911F-B4422FDEA3C8}.Debug|x64.ActiveCfg = Debug|Any CPU
		{3EBAF3D7-23E2-437B-911F-B4422FDEA3C8}.Debug|x64.Build.0 = Debug|Any CPU
		{3EBAF3D7-23E2-437B-911F-B4422FDEA3C8}.Release|x64.ActiveCfg = Release|Any CPU
		{3EBAF3D7-23E2-437B-911F-B4422FDEA3C8}.Release|x64.Build.0 = Release|Any CPU
	EndGlobalSection
	GlobalSection(SolutionProperties) = preSolution
		HideSolutionNode = FALSE
	EndGlobalSection
	GlobalSection(ExtensibilityGlobals) = postSolution
		SolutionGuid = {EBA042CF-24BA-420C-9194-A05FBE467D6B}
	EndGlobalSection
EndGlobal
